
Microsoft Visual Studio Solution File, Format Version 12.00
# Visual Studio Version 17
VisualStudioVersion = 17.0.31903.59
MinimumVisualStudioVersion = 10.0.40219.1
Project("{2150E333-8FDC-42A3-9474-1A3956D46DE8}") = "src", "src", "{827E0CD3-B72D-47B6-A68D-7590B98EB39B}"
EndProject
Project("{2150E333-8FDC-42A3-9474-1A3956D46DE8}") = "Services", "Services", "{984BB9B3-3FA3-BE33-9484-CAC21695A33C}"
EndProject
Project("{2150E333-8FDC-42A3-9474-1A3956D46DE8}") = "CatalogService", "CatalogService", "{09734656-93E7-93B1-A2F5-3066A08F773B}"
	ProjectSection(SolutionItems) = preProject
		src\Services\CatalogService\CatalogService.Dockerfile = src\Services\CatalogService\CatalogService.Dockerfile
	EndProjectSection
EndProject
Project("{FAE04EC0-301F-11D3-BF4B-00C04F79EFBC}") = "CatalogService.API", "src\Services\CatalogService\CatalogService.API\CatalogService.API.csproj", "{4534B025-5384-4501-8C2D-3CD995312CEF}"
EndProject
Project("{FAE04EC0-301F-11D3-BF4B-00C04F79EFBC}") = "CatalogService.Application", "src\Services\CatalogService\CatalogService.Application\CatalogService.Application.csproj", "{FEFDB354-EFCA-47EA-90DA-579D0C1B097B}"
EndProject
Project("{FAE04EC0-301F-11D3-BF4B-00C04F79EFBC}") = "CatalogService.Domain", "src\Services\CatalogService\CatalogService.Domain\CatalogService.Domain.csproj", "{37E18340-E784-48AF-8EC0-0C76B57B8300}"
EndProject
Project("{FAE04EC0-301F-11D3-BF4B-00C04F79EFBC}") = "CatalogService.Infrastructure", "src\Services\CatalogService\CatalogService.Infrastructure\CatalogService.Infrastructure.csproj", "{F83546C5-1011-475C-B062-BDCBB06A0523}"
EndProject
Project("{2150E333-8FDC-42A3-9474-1A3956D46DE8}") = "OrderService", "OrderService", "{F5625D22-DF6D-6E20-0384-6B2F7CAD8697}"
	ProjectSection(SolutionItems) = preProject
		OrderService.Dockerfile = OrderService.Dockerfile
		src\Services\OrderService\OrderService_backup.Dockerfile = src\Services\OrderService\OrderService_backup.Dockerfile
	EndProjectSection
EndProject
Project("{FAE04EC0-301F-11D3-BF4B-00C04F79EFBC}") = "OrderService.Domain", "src\Services\OrderService\OrderService.Domain\OrderService.Domain.csproj", "{EA21543D-25BC-469D-B664-CCAB5328E3DA}"
EndProject
Project("{FAE04EC0-301F-11D3-BF4B-00C04F79EFBC}") = "OrderService.Application", "src\Services\OrderService\OrderService.Application\OrderService.Application.csproj", "{3138C518-A729-41FA-B23A-A78FD6E70995}"
EndProject
Project("{FAE04EC0-301F-11D3-BF4B-00C04F79EFBC}") = "OrderService.Infrastructure", "src\Services\OrderService\OrderService.Infrastructure\OrderService.Infrastructure.csproj", "{D3D336A7-C372-401D-8ADB-A65223452DD9}"
EndProject
Project("{FAE04EC0-301F-11D3-BF4B-00C04F79EFBC}") = "OrderService.API", "src\Services\OrderService\OrderService.API\OrderService.API.csproj", "{155846C1-E8E8-4F5C-8E23-2E9D01B85984}"
EndProject
Project("{2150E333-8FDC-42A3-9474-1A3956D46DE8}") = "Solution Items", "Solution Items", "{8EC462FD-D22E-90A8-E5CE-7E832BA40C5D}"
	ProjectSection(SolutionItems) = preProject
		docker-compose.override.yml = docker-compose.override.yml
		docker-compose.yml = docker-compose.yml
	EndProjectSection
EndProject
Project("{2150E333-8FDC-42A3-9474-1A3956D46DE8}") = "BasketService", "BasketService", "{BB9E9103-FD81-E864-D69F-F7A5FC6B27F9}"
	ProjectSection(SolutionItems) = preProject
		BasketService.Dockerfile = BasketService.Dockerfile
	EndProjectSection
EndProject
Project("{FAE04EC0-301F-11D3-BF4B-00C04F79EFBC}") = "BasketService.API", "src\Services\BasketService\BasketService.API\BasketService.API.csproj", "{904CE577-757B-43FE-A438-B191E3F34F42}"
EndProject
Project("{FAE04EC0-301F-11D3-BF4B-00C04F79EFBC}") = "BasketService.Application", "src\Services\BasketService\BasketService.Application\BasketService.Application.csproj", "{441F5F4B-5040-4007-9BE4-711715623CB9}"
EndProject
Project("{FAE04EC0-301F-11D3-BF4B-00C04F79EFBC}") = "BasketService.Domain", "src\Services\BasketService\BasketService.Domain\BasketService.Domain.csproj", "{40A35275-5734-4679-AD79-CC4838A3695E}"
EndProject
Project("{FAE04EC0-301F-11D3-BF4B-00C04F79EFBC}") = "BasketService.Infrastructure", "src\Services\BasketService\BasketService.Infrastructure\BasketService.Infrastructure.csproj", "{57655EDB-96BB-4A16-94CF-8946AFE09734}"
EndProject
Global
	GlobalSection(SolutionConfigurationPlatforms) = preSolution
		Debug|Any CPU = Debug|Any CPU
		Debug|x64 = Debug|x64
		Debug|x86 = Debug|x86
		Release|Any CPU = Release|Any CPU
		Release|x64 = Release|x64
		Release|x86 = Release|x86
	EndGlobalSection
	GlobalSection(ProjectConfigurationPlatforms) = postSolution
		{4534B025-5384-4501-8C2D-3CD995312CEF}.Debug|Any CPU.ActiveCfg = Debug|Any CPU
		{4534B025-5384-4501-8C2D-3CD995312CEF}.Debug|Any CPU.Build.0 = Debug|Any CPU
		{4534B025-5384-4501-8C2D-3CD995312CEF}.Debug|x64.ActiveCfg = Debug|Any CPU
		{4534B025-5384-4501-8C2D-3CD995312CEF}.Debug|x64.Build.0 = Debug|Any CPU
		{4534B025-5384-4501-8C2D-3CD995312CEF}.Debug|x86.ActiveCfg = Debug|Any CPU
		{4534B025-5384-4501-8C2D-3CD995312CEF}.Debug|x86.Build.0 = Debug|Any CPU
		{4534B025-5384-4501-8C2D-3CD995312CEF}.Release|Any CPU.ActiveCfg = Release|Any CPU
		{4534B025-5384-4501-8C2D-3CD995312CEF}.Release|Any CPU.Build.0 = Release|Any CPU
		{4534B025-5384-4501-8C2D-3CD995312CEF}.Release|x64.ActiveCfg = Release|Any CPU
		{4534B025-5384-4501-8C2D-3CD995312CEF}.Release|x64.Build.0 = Release|Any CPU
		{4534B025-5384-4501-8C2D-3CD995312CEF}.Release|x86.ActiveCfg = Release|Any CPU
		{4534B025-5384-4501-8C2D-3CD995312CEF}.Release|x86.Build.0 = Release|Any CPU
		{FEFDB354-EFCA-47EA-90DA-579D0C1B097B}.Debug|Any CPU.ActiveCfg = Debug|Any CPU
		{FEFDB354-EFCA-47EA-90DA-579D0C1B097B}.Debug|Any CPU.Build.0 = Debug|Any CPU
		{FEFDB354-EFCA-47EA-90DA-579D0C1B097B}.Debug|x64.ActiveCfg = Debug|Any CPU
		{FEFDB354-EFCA-47EA-90DA-579D0C1B097B}.Debug|x64.Build.0 = Debug|Any CPU
		{FEFDB354-EFCA-47EA-90DA-579D0C1B097B}.Debug|x86.ActiveCfg = Debug|Any CPU
		{FEFDB354-EFCA-47EA-90DA-579D0C1B097B}.Debug|x86.Build.0 = Debug|Any CPU
		{FEFDB354-EFCA-47EA-90DA-579D0C1B097B}.Release|Any CPU.ActiveCfg = Release|Any CPU
		{FEFDB354-EFCA-47EA-90DA-579D0C1B097B}.Release|Any CPU.Build.0 = Release|Any CPU
		{FEFDB354-EFCA-47EA-90DA-579D0C1B097B}.Release|x64.ActiveCfg = Release|Any CPU
		{FEFDB354-EFCA-47EA-90DA-579D0C1B097B}.Release|x64.Build.0 = Release|Any CPU
		{FEFDB354-EFCA-47EA-90DA-579D0C1B097B}.Release|x86.ActiveCfg = Release|Any CPU
		{FEFDB354-EFCA-47EA-90DA-579D0C1B097B}.Release|x86.Build.0 = Release|Any CPU
		{37E18340-E784-48AF-8EC0-0C76B57B8300}.Debug|Any CPU.ActiveCfg = Debug|Any CPU
		{37E18340-E784-48AF-8EC0-0C76B57B8300}.Debug|Any CPU.Build.0 = Debug|Any CPU
		{37E18340-E784-48AF-8EC0-0C76B57B8300}.Debug|x64.ActiveCfg = Debug|Any CPU
		{37E18340-E784-48AF-8EC0-0C76B57B8300}.Debug|x64.Build.0 = Debug|Any CPU
		{37E18340-E784-48AF-8EC0-0C76B57B8300}.Debug|x86.ActiveCfg = Debug|Any CPU
		{37E18340-E784-48AF-8EC0-0C76B57B8300}.Debug|x86.Build.0 = Debug|Any CPU
		{37E18340-E784-48AF-8EC0-0C76B57B8300}.Release|Any CPU.ActiveCfg = Release|Any CPU
		{37E18340-E784-48AF-8EC0-0C76B57B8300}.Release|Any CPU.Build.0 = Release|Any CPU
		{37E18340-E784-48AF-8EC0-0C76B57B8300}.Release|x64.ActiveCfg = Release|Any CPU
		{37E18340-E784-48AF-8EC0-0C76B57B8300}.Release|x64.Build.0 = Release|Any CPU
		{37E18340-E784-48AF-8EC0-0C76B57B8300}.Release|x86.ActiveCfg = Release|Any CPU
		{37E18340-E784-48AF-8EC0-0C76B57B8300}.Release|x86.Build.0 = Release|Any CPU
		{F83546C5-1011-475C-B062-BDCBB06A0523}.Debug|Any CPU.ActiveCfg = Debug|Any CPU
		{F83546C5-1011-475C-B062-BDCBB06A0523}.Debug|Any CPU.Build.0 = Debug|Any CPU
		{F83546C5-1011-475C-B062-BDCBB06A0523}.Debug|x64.ActiveCfg = Debug|Any CPU
		{F83546C5-1011-475C-B062-BDCBB06A0523}.Debug|x64.Build.0 = Debug|Any CPU
		{F83546C5-1011-475C-B062-BDCBB06A0523}.Debug|x86.ActiveCfg = Debug|Any CPU
		{F83546C5-1011-475C-B062-BDCBB06A0523}.Debug|x86.Build.0 = Debug|Any CPU
		{F83546C5-1011-475C-B062-BDCBB06A0523}.Release|Any CPU.ActiveCfg = Release|Any CPU
		{F83546C5-1011-475C-B062-BDCBB06A0523}.Release|Any CPU.Build.0 = Release|Any CPU
		{F83546C5-1011-475C-B062-BDCBB06A0523}.Release|x64.ActiveCfg = Release|Any CPU
		{F83546C5-1011-475C-B062-BDCBB06A0523}.Release|x64.Build.0 = Release|Any CPU
		{F83546C5-1011-475C-B062-BDCBB06A0523}.Release|x86.ActiveCfg = Release|Any CPU
		{F83546C5-1011-475C-B062-BDCBB06A0523}.Release|x86.Build.0 = Release|Any CPU
		{EA21543D-25BC-469D-B664-CCAB5328E3DA}.Debug|Any CPU.ActiveCfg = Debug|Any CPU
		{EA21543D-25BC-469D-B664-CCAB5328E3DA}.Debug|Any CPU.Build.0 = Debug|Any CPU
		{EA21543D-25BC-469D-B664-CCAB5328E3DA}.Debug|x64.ActiveCfg = Debug|Any CPU
		{EA21543D-25BC-469D-B664-CCAB5328E3DA}.Debug|x64.Build.0 = Debug|Any CPU
		{EA21543D-25BC-469D-B664-CCAB5328E3DA}.Debug|x86.ActiveCfg = Debug|Any CPU
		{EA21543D-25BC-469D-B664-CCAB5328E3DA}.Debug|x86.Build.0 = Debug|Any CPU
		{EA21543D-25BC-469D-B664-CCAB5328E3DA}.Release|Any CPU.ActiveCfg = Release|Any CPU
		{EA21543D-25BC-469D-B664-CCAB5328E3DA}.Release|Any CPU.Build.0 = Release|Any CPU
		{EA21543D-25BC-469D-B664-CCAB5328E3DA}.Release|x64.ActiveCfg = Release|Any CPU
		{EA21543D-25BC-469D-B664-CCAB5328E3DA}.Release|x64.Build.0 = Release|Any CPU
		{EA21543D-25BC-469D-B664-CCAB5328E3DA}.Release|x86.ActiveCfg = Release|Any CPU
		{EA21543D-25BC-469D-B664-CCAB5328E3DA}.Release|x86.Build.0 = Release|Any CPU
		{3138C518-A729-41FA-B23A-A78FD6E70995}.Debug|Any CPU.ActiveCfg = Debug|Any CPU
		{3138C518-A729-41FA-B23A-A78FD6E70995}.Debug|Any CPU.Build.0 = Debug|Any CPU
		{3138C518-A729-41FA-B23A-A78FD6E70995}.Debug|x64.ActiveCfg = Debug|Any CPU
		{3138C518-A729-41FA-B23A-A78FD6E70995}.Debug|x64.Build.0 = Debug|Any CPU
		{3138C518-A729-41FA-B23A-A78FD6E70995}.Debug|x86.ActiveCfg = Debug|Any CPU
		{3138C518-A729-41FA-B23A-A78FD6E70995}.Debug|x86.Build.0 = Debug|Any CPU
		{3138C518-A729-41FA-B23A-A78FD6E70995}.Release|Any CPU.ActiveCfg = Release|Any CPU
		{3138C518-A729-41FA-B23A-A78FD6E70995}.Release|Any CPU.Build.0 = Release|Any CPU
		{3138C518-A729-41FA-B23A-A78FD6E70995}.Release|x64.ActiveCfg = Release|Any CPU
		{3138C518-A729-41FA-B23A-A78FD6E70995}.Release|x64.Build.0 = Release|Any CPU
		{3138C518-A729-41FA-B23A-A78FD6E70995}.Release|x86.ActiveCfg = Release|Any CPU
		{3138C518-A729-41FA-B23A-A78FD6E70995}.Release|x86.Build.0 = Release|Any CPU
		{D3D336A7-C372-401D-8ADB-A65223452DD9}.Debug|Any CPU.ActiveCfg = Debug|Any CPU
		{D3D336A7-C372-401D-8ADB-A65223452DD9}.Debug|Any CPU.Build.0 = Debug|Any CPU
		{D3D336A7-C372-401D-8ADB-A65223452DD9}.Debug|x64.ActiveCfg = Debug|Any CPU
		{D3D336A7-C372-401D-8ADB-A65223452DD9}.Debug|x64.Build.0 = Debug|Any CPU
		{D3D336A7-C372-401D-8ADB-A65223452DD9}.Debug|x86.ActiveCfg = Debug|Any CPU
		{D3D336A7-C372-401D-8ADB-A65223452DD9}.Debug|x86.Build.0 = Debug|Any CPU
		{D3D336A7-C372-401D-8ADB-A65223452DD9}.Release|Any CPU.ActiveCfg = Release|Any CPU
		{D3D336A7-C372-401D-8ADB-A65223452DD9}.Release|Any CPU.Build.0 = Release|Any CPU
		{D3D336A7-C372-401D-8ADB-A65223452DD9}.Release|x64.ActiveCfg = Release|Any CPU
		{D3D336A7-C372-401D-8ADB-A65223452DD9}.Release|x64.Build.0 = Release|Any CPU
		{D3D336A7-C372-401D-8ADB-A65223452DD9}.Release|x86.ActiveCfg = Release|Any CPU
		{D3D336A7-C372-401D-8ADB-A65223452DD9}.Release|x86.Build.0 = Release|Any CPU
		{155846C1-E8E8-4F5C-8E23-2E9D01B85984}.Debug|Any CPU.ActiveCfg = Debug|Any CPU
		{155846C1-E8E8-4F5C-8E23-2E9D01B85984}.Debug|Any CPU.Build.0 = Debug|Any CPU
		{155846C1-E8E8-4F5C-8E23-2E9D01B85984}.Debug|x64.ActiveCfg = Debug|Any CPU
		{155846C1-E8E8-4F5C-8E23-2E9D01B85984}.Debug|x64.Build.0 = Debug|Any CPU
		{155846C1-E8E8-4F5C-8E23-2E9D01B85984}.Debug|x86.ActiveCfg = Debug|Any CPU
		{155846C1-E8E8-4F5C-8E23-2E9D01B85984}.Debug|x86.Build.0 = Debug|Any CPU
		{155846C1-E8E8-4F5C-8E23-2E9D01B85984}.Release|Any CPU.ActiveCfg = Release|Any CPU
		{155846C1-E8E8-4F5C-8E23-2E9D01B85984}.Release|Any CPU.Build.0 = Release|Any CPU
		{155846C1-E8E8-4F5C-8E23-2E9D01B85984}.Release|x64.ActiveCfg = Release|Any CPU
		{155846C1-E8E8-4F5C-8E23-2E9D01B85984}.Release|x64.Build.0 = Release|Any CPU
		{155846C1-E8E8-4F5C-8E23-2E9D01B85984}.Release|x86.ActiveCfg = Release|Any CPU
		{155846C1-E8E8-4F5C-8E23-2E9D01B85984}.Release|x86.Build.0 = Release|Any CPU
		{904CE577-757B-43FE-A438-B191E3F34F42}.Debug|Any CPU.ActiveCfg = Debug|Any CPU
		{904CE577-757B-43FE-A438-B191E3F34F42}.Debug|Any CPU.Build.0 = Debug|Any CPU
		{904CE577-757B-43FE-A438-B191E3F34F42}.Debug|x64.ActiveCfg = Debug|Any CPU
		{904CE577-757B-43FE-A438-B191E3F34F42}.Debug|x64.Build.0 = Debug|Any CPU
		{904CE577-757B-43FE-A438-B191E3F34F42}.Debug|x86.ActiveCfg = Debug|Any CPU
		{904CE577-757B-43FE-A438-B191E3F34F42}.Debug|x86.Build.0 = Debug|Any CPU
		{904CE577-757B-43FE-A438-B191E3F34F42}.Release|Any CPU.ActiveCfg = Release|Any CPU
		{904CE577-757B-43FE-A438-B191E3F34F42}.Release|Any CPU.Build.0 = Release|Any CPU
		{904CE577-757B-43FE-A438-B191E3F34F42}.Release|x64.ActiveCfg = Release|Any CPU
		{904CE577-757B-43FE-A438-B191E3F34F42}.Release|x64.Build.0 = Release|Any CPU
		{904CE577-757B-43FE-A438-B191E3F34F42}.Release|x86.ActiveCfg = Release|Any CPU
		{904CE577-757B-43FE-A438-B191E3F34F42}.Release|x86.Build.0 = Release|Any CPU
		{441F5F4B-5040-4007-9BE4-711715623CB9}.Debug|Any CPU.ActiveCfg = Debug|Any CPU
		{441F5F4B-5040-4007-9BE4-711715623CB9}.Debug|Any CPU.Build.0 = Debug|Any CPU
		{441F5F4B-5040-4007-9BE4-711715623CB9}.Debug|x64.ActiveCfg = Debug|Any CPU
		{441F5F4B-5040-4007-9BE4-711715623CB9}.Debug|x64.Build.0 = Debug|Any CPU
		{441F5F4B-5040-4007-9BE4-711715623CB9}.Debug|x86.ActiveCfg = Debug|Any CPU
		{441F5F4B-5040-4007-9BE4-711715623CB9}.Debug|x86.Build.0 = Debug|Any CPU
		{441F5F4B-5040-4007-9BE4-711715623CB9}.Release|Any CPU.ActiveCfg = Release|Any CPU
		{441F5F4B-5040-4007-9BE4-711715623CB9}.Release|Any CPU.Build.0 = Release|Any CPU
		{441F5F4B-5040-4007-9BE4-711715623CB9}.Release|x64.ActiveCfg = Release|Any CPU
		{441F5F4B-5040-4007-9BE4-711715623CB9}.Release|x64.Build.0 = Release|Any CPU
		{441F5F4B-5040-4007-9BE4-711715623CB9}.Release|x86.ActiveCfg = Release|Any CPU
		{441F5F4B-5040-4007-9BE4-711715623CB9}.Release|x86.Build.0 = Release|Any CPU
		{40A35275-5734-4679-AD79-CC4838A3695E}.Debug|Any CPU.ActiveCfg = Debug|Any CPU
		{40A35275-5734-4679-AD79-CC4838A3695E}.Debug|Any CPU.Build.0 = Debug|Any CPU
		{40A35275-5734-4679-AD79-CC4838A3695E}.Debug|x64.ActiveCfg = Debug|Any CPU
		{40A35275-5734-4679-AD79-CC4838A3695E}.Debug|x64.Build.0 = Debug|Any CPU
		{40A35275-5734-4679-AD79-CC4838A3695E}.Debug|x86.ActiveCfg = Debug|Any CPU
		{40A35275-5734-4679-AD79-CC4838A3695E}.Debug|x86.Build.0 = Debug|Any CPU
		{40A35275-5734-4679-AD79-CC4838A3695E}.Release|Any CPU.ActiveCfg = Release|Any CPU
		{40A35275-5734-4679-AD79-CC4838A3695E}.Release|Any CPU.Build.0 = Release|Any CPU
		{40A35275-5734-4679-AD79-CC4838A3695E}.Release|x64.ActiveCfg = Release|Any CPU
		{40A35275-5734-4679-AD79-CC4838A3695E}.Release|x64.Build.0 = Release|Any CPU
		{40A35275-5734-4679-AD79-CC4838A3695E}.Release|x86.ActiveCfg = Release|Any CPU
		{40A35275-5734-4679-AD79-CC4838A3695E}.Release|x86.Build.0 = Release|Any CPU
		{57655EDB-96BB-4A16-94CF-8946AFE09734}.Debug|Any CPU.ActiveCfg = Debug|Any CPU
		{57655EDB-96BB-4A16-94CF-8946AFE09734}.Debug|Any CPU.Build.0 = Debug|Any CPU
		{57655EDB-96BB-4A16-94CF-8946AFE09734}.Debug|x64.ActiveCfg = Debug|Any CPU
		{57655EDB-96BB-4A16-94CF-8946AFE09734}.Debug|x64.Build.0 = Debug|Any CPU
		{57655EDB-96BB-4A16-94CF-8946AFE09734}.Debug|x86.ActiveCfg = Debug|Any CPU
		{57655EDB-96BB-4A16-94CF-8946AFE09734}.Debug|x86.Build.0 = Debug|Any CPU
		{57655EDB-96BB-4A16-94CF-8946AFE09734}.Release|Any CPU.ActiveCfg = Release|Any CPU
		{57655EDB-96BB-4A16-94CF-8946AFE09734}.Release|Any CPU.Build.0 = Release|Any CPU
		{57655EDB-96BB-4A16-94CF-8946AFE09734}.Release|x64.ActiveCfg = Release|Any CPU
		{57655EDB-96BB-4A16-94CF-8946AFE09734}.Release|x64.Build.0 = Release|Any CPU
		{57655EDB-96BB-4A16-94CF-8946AFE09734}.Release|x86.ActiveCfg = Release|Any CPU
		{57655EDB-96BB-4A16-94CF-8946AFE09734}.Release|x86.Build.0 = Release|Any CPU
	EndGlobalSection
	GlobalSection(SolutionProperties) = preSolution
		HideSolutionNode = FALSE
	EndGlobalSection
	GlobalSection(NestedProjects) = preSolution
		{984BB9B3-3FA3-BE33-9484-CAC21695A33C} = {827E0CD3-B72D-47B6-A68D-7590B98EB39B}
		{09734656-93E7-93B1-A2F5-3066A08F773B} = {984BB9B3-3FA3-BE33-9484-CAC21695A33C}
		{4534B025-5384-4501-8C2D-3CD995312CEF} = {09734656-93E7-93B1-A2F5-3066A08F773B}
		{FEFDB354-EFCA-47EA-90DA-579D0C1B097B} = {09734656-93E7-93B1-A2F5-3066A08F773B}
		{37E18340-E784-48AF-8EC0-0C76B57B8300} = {09734656-93E7-93B1-A2F5-3066A08F773B}
		{F83546C5-1011-475C-B062-BDCBB06A0523} = {09734656-93E7-93B1-A2F5-3066A08F773B}
		{F5625D22-DF6D-6E20-0384-6B2F7CAD8697} = {984BB9B3-3FA3-BE33-9484-CAC21695A33C}
		{EA21543D-25BC-469D-B664-CCAB5328E3DA} = {F5625D22-DF6D-6E20-0384-6B2F7CAD8697}
		{3138C518-A729-41FA-B23A-A78FD6E70995} = {F5625D22-DF6D-6E20-0384-6B2F7CAD8697}
		{D3D336A7-C372-401D-8ADB-A65223452DD9} = {F5625D22-DF6D-6E20-0384-6B2F7CAD8697}
		{155846C1-E8E8-4F5C-8E23-2E9D01B85984} = {F5625D22-DF6D-6E20-0384-6B2F7CAD8697}
		{BB9E9103-FD81-E864-D69F-F7A5FC6B27F9} = {984BB9B3-3FA3-BE33-9484-CAC21695A33C}
		{904CE577-757B-43FE-A438-B191E3F34F42} = {BB9E9103-FD81-E864-D69F-F7A5FC6B27F9}
		{441F5F4B-5040-4007-9BE4-711715623CB9} = {BB9E9103-FD81-E864-D69F-F7A5FC6B27F9}
		{40A35275-5734-4679-AD79-CC4838A3695E} = {BB9E9103-FD81-E864-D69F-F7A5FC6B27F9}
		{57655EDB-96BB-4A16-94CF-8946AFE09734} = {BB9E9103-FD81-E864-D69F-F7A5FC6B27F9}
	EndGlobalSection
	GlobalSection(ExtensibilityGlobals) = postSolution
		SolutionGuid = {0132DCEA-3646-4E6A-8F5B-B625B59E8DC5}
	EndGlobalSection
EndGlobal
